
Microsoft Visual Studio Solution File, Format Version 12.00
# Visual Studio Version 17
VisualStudioVersion = 17.4.33110.190
MinimumVisualStudioVersion = 10.0.40219.1
Project("{FAE04EC0-301F-11D3-BF4B-00C04F79EFBC}") = "AsyncCsharp", "AsyncCsharp.csproj", "{4F475791-4A02-4E79-8574-8169312A3E97}"
EndProject
Global
	GlobalSection(SolutionConfigurationPlatforms) = preSolution
		Debug|Any CPU = Debug|Any CPU
		Release|Any CPU = Release|Any CPU
	EndGlobalSection
	GlobalSection(ProjectConfigurationPlatforms) = postSolution
		{4F475791-4A02-4E79-8574-8169312A3E97}.Debug|Any CPU.ActiveCfg = Debug|Any CPU
		{4F475791-4A02-4E79-8574-8169312A3E97}.Debug|Any CPU.Build.0 = Debug|Any CPU
		{4F475791-4A02-4E79-8574-8169312A3E97}.Release|Any CPU.ActiveCfg = Release|Any CPU
		{4F475791-4A02-4E79-8574-8169312A3E97}.Release|Any CPU.Build.0 = Release|Any CPU
	EndGlobalSection
	GlobalSection(SolutionProperties) = preSolution
		HideSolutionNode = FALSE
	EndGlobalSection
	GlobalSection(ExtensibilityGlobals) = postSolution
		SolutionGuid = {63FAB0A9-B6B3-40A6-BB6A-ADDD2A9F3FF0}
	EndGlobalSection
EndGlobal
